{
  "critique_hash": "66a6fb067f64ad345da0369fd4db810382d85fecfc650868c1034dab79a0ac65",
  "edit_log_hash": "aef3fde2c800b526dee69edae0914bb15ea9216014d41195f80167d9c47b3a07",
  "frozen_at": "2026-05-07T13:12:15",
  "frozen_files": {
    "EXP-MATH-EHP114-SMALL-N-SUBMISSION-READY-PACKET-20260507-12_ERDOSPROBLEMS_POST.md": "c3b2d8c3505e8e2ccbe4fefadf36d118b4723e70d5f55abb1fcc47439b69191e"
  },
  "input_snapshot_hash": "0c6689c6d4f2aef4166a0906ead10cd6854e9b5391b4e9380ad9d26ab83a9636",
  "inventor": "Kenneth A. Mendoza",
  "manifest_hash": "d1c552fa733de34dd32e4035f11082145f6a2fca02d6e6f21a5618d3fbb82bae",
  "prompt_hash": "cf09ae742ddcba932b0686178a4fa99fd9b2666c818203cb3c4f7670064952e4",
  "round": "2026-05-07-r01"
}