{
  "critique_hash": "2d275de79d64f161bcbb7c0967030ef448927493bb1fde2210b1b16aab74f7fd",
  "edit_log_hash": "ffe124620d8884305148a1bef3337bb1d2ba7909df2de11117d66cd1977825b9",
  "frozen_at": "2026-05-07T21:20:48",
  "frozen_files": {
    "EXP-MATH-EHP114-SMALL-N-SUBMISSION-READY-PACKET-20260507-13_ERDOSPROBLEMS_POST.md": "5ce85c1aafa4033a69ddebadc31c538c7af5c62fa4ca6e9816a12e7de95979f2"
  },
  "input_snapshot_hash": "562f9ede3691002baca7a8d5ee48b579671ffa3f07fab39ffb77afb52cfb3ed8",
  "inventor": "Kenneth A. Mendoza",
  "manifest_hash": "516463881fd1be77fd7dd266d1d27a161f39c2138e5fe0260ba24196873dd6f6",
  "prompt_hash": "2ece821a8d4b3b736f707da4d26def99d708942ef206ba3cb7039a66172fe765",
  "round": "2026-05-07-r01"
}